{
  "version": "2",
  "remote": {
    "https://cdn.skypack.dev/-/indexeddbshim@v9.0.0-QVaW8rBIOGlJegwkWTsK/dist=es2019,mode=imports/unoptimized/dist/indexeddbshim-noninvasive.js": "036e9191db93ef296b84a8a59192d4851f231e3b76a638543491cf81fe08b666",
    "https://cdn.skypack.dev/-/indexeddbshim@v9.0.0-QVaW8rBIOGlJegwkWTsK/dist=es2020,mode=imports/unoptimized/dist/indexeddbshim-noninvasive.js": "036e9191db93ef296b84a8a59192d4851f231e3b76a638543491cf81fe08b666",
    "https://cdn.skypack.dev/-/regenerator-runtime@v0.13.9-4Dxus9nU31cBsHxnWq2H/dist=es2019,mode=imports/optimized/regenerator-runtime.js": "9d5c28ca64c45a9e606d5f3b35aec61568ed451495968171c8cc3ef1923cb7fe",
    "https://cdn.skypack.dev/-/regenerator-runtime@v0.13.9-4Dxus9nU31cBsHxnWq2H/dist=es2020,mode=imports/optimized/regenerator-runtime.js": "9d5c28ca64c45a9e606d5f3b35aec61568ed451495968171c8cc3ef1923cb7fe",
    "https://cdn.skypack.dev/indexeddbshim@v9.0.0/dist/indexeddbshim-noninvasive.js": "8825b3ce26bfea3ddfb612fd95ae295c78542423511bc4042c3d2e2a89894c08",
    "https://cdn.skypack.dev/pin/indexeddbshim@v9.0.0-QVaW8rBIOGlJegwkWTsK/mode=imports/unoptimized/dist/indexeddbshim-noninvasive.js": "978a698ccf50ce19735b1da6cad00277cc8fc790610df183c61c2f9cc1df9c9b",
    "https://cdn.skypack.dev/pin/regenerator-runtime@v0.13.9-4Dxus9nU31cBsHxnWq2H/mode=imports/optimized/regenerator-runtime.js": "091dd6c5266025b80081cdd5bbadd9f6e03cad950c8a16c7454b58d77b422253",
    "https://cdn.skypack.dev/regenerator-runtime@0.13.9": "adf7d286d4d4dd28347f3b0bc62fc614a7da3c76ad15e8ea4e4b2511d9632c9e",
    "https://deno.land/std@0.136.0/_util/assert.ts": "e94f2eb37cebd7f199952e242c77654e43333c1ac4c5c700e929ea3aa5489f74",
    "https://deno.land/std@0.136.0/_util/os.ts": "49b92edea1e82ba295ec946de8ffd956ed123e2948d9bd1d3e901b04e4307617",
    "https://deno.land/std@0.136.0/path/_constants.ts": "df1db3ffa6dd6d1252cc9617e5d72165cd2483df90e93833e13580687b6083c3",
    "https://deno.land/std@0.136.0/path/_interface.ts": "ee3b431a336b80cf445441109d089b70d87d5e248f4f90ff906820889ecf8d09",
    "https://deno.land/std@0.136.0/path/_util.ts": "c1e9686d0164e29f7d880b2158971d805b6e0efc3110d0b3e24e4b8af2190d2b",
    "https://deno.land/std@0.136.0/path/common.ts": "bee563630abd2d97f99d83c96c2fa0cca7cee103e8cb4e7699ec4d5db7bd2633",
    "https://deno.land/std@0.136.0/path/glob.ts": "cb5255638de1048973c3e69e420c77dc04f75755524cb3b2e160fe9277d939ee",
    "https://deno.land/std@0.136.0/path/mod.ts": "4275129bb766f0e475ecc5246aa35689eeade419d72a48355203f31802640be7",
    "https://deno.land/std@0.136.0/path/posix.ts": "293cdaec3ecccec0a9cc2b534302dfe308adb6f10861fa183275d6695faace44",
    "https://deno.land/std@0.136.0/path/separator.ts": "fe1816cb765a8068afb3e8f13ad272351c85cbc739af56dacfc7d93d710fe0f9",
    "https://deno.land/std@0.136.0/path/win32.ts": "31811536855e19ba37a999cd8d1b62078235548d67902ece4aa6b814596dd757",
    "https://deno.land/std@0.152.0/fmt/colors.ts": "6f9340b7fb8cc25a993a99e5efc56fe81bb5af284ff412129dd06df06f53c0b4",
    "https://deno.land/std@0.152.0/testing/_diff.ts": "029a00560b0d534bc0046f1bce4bd36b3b41ada3f2a3178c85686eb2ff5f1413",
    "https://deno.land/std@0.152.0/testing/_format.ts": "0d8dc79eab15b67cdc532826213bbe05bccfd276ca473a50a3fc7bbfb7260642",
    "https://deno.land/std@0.152.0/testing/asserts.ts": "093735c88f52bbead7f60a1f7a97a2ce4df3c2d5fab00a46956f20b4a5793ccd",
    "https://deno.land/std@0.192.0/fmt/colors.ts": "d67e3cd9f472535241a8e410d33423980bec45047e343577554d3356e1f0ef4e",
    "https://deno.land/std@0.192.0/testing/_diff.ts": "1a3c044aedf77647d6cac86b798c6417603361b66b54c53331b312caeb447aea",
    "https://deno.land/std@0.192.0/testing/_format.ts": "a69126e8a469009adf4cf2a50af889aca364c349797e63174884a52ff75cf4c7",
    "https://deno.land/std@0.192.0/testing/asserts.ts": "e16d98b4d73ffc4ed498d717307a12500ae4f2cbe668f1a215632d19fcffc22f",
    "https://deno.land/x/indexeddb@1.3.5/lib/indexeddb.ts": "6d8eeec0c4074ed2e3ed5ae3c99e3b66703f772c791279d052680fe3b334de2d",
    "https://deno.land/x/indexeddb@1.3.5/lib/indexeddb_global.ts": "7bec428dcf95b36a61b8acec5b5c943fb33a86815bff57458ada59e1642dfbe3",
    "https://deno.land/x/indexeddb@1.3.5/lib/shim.ts": "8b98a9395134220ac9dfe7314c3e27f37feffec0cab37dbf557f06f118b6eaad",
    "https://deno.land/x/indexeddb@1.3.5/polyfill_memory.ts": "83911d846564fe689356bd08054ccb994405b82d3167807f2129a7bb558f0498",
    "https://deno.land/x/indexeddb@v1.1.0/lib/indexeddb.ts": "6d8eeec0c4074ed2e3ed5ae3c99e3b66703f772c791279d052680fe3b334de2d",
    "https://deno.land/x/indexeddb@v1.1.0/lib/indexeddb_global.ts": "88269f2c9c97dbcb5641706bb17d14500eddb209da0fc8822ee4bbb5e57359f8",
    "https://deno.land/x/indexeddb@v1.1.0/lib/shim.ts": "1cc9b0961a2ddb9836643e1fc661cf44eb55a777cd7625cba4256d259920d51b",
    "https://deno.land/x/indexeddb@v1.1.0/polyfill_memory.ts": "83911d846564fe689356bd08054ccb994405b82d3167807f2129a7bb558f0498",
    "https://deno.land/x/sqlite@v3.2.1/build/sqlite.d.ts": "e83278ce9e8b3279c793f0cac2ab4e4da3b2ed024ded646c0c06e9c2f8e57b71",
    "https://deno.land/x/sqlite@v3.2.1/build/sqlite.js": "087db9bdacd1e5bb8b538ba328e5105571cc6d716deb9923e2eb5c8af763991a",
    "https://deno.land/x/sqlite@v3.2.1/build/vfs.js": "baff72655c0916c906327fe6703c6a47daa1346e55c2eaa2629bcd879a673c8d",
    "https://deno.land/x/sqlite@v3.2.1/mod.ts": "eb55ff3e103826ee735fa1a8ec2db6e96c8fec826faf198239c66a0fe635c4b6",
    "https://deno.land/x/sqlite@v3.2.1/src/constants.ts": "b967237b460fafa03ca03aeddb33953bed41c7cbdc309a934e2329a5c84079ac",
    "https://deno.land/x/sqlite@v3.2.1/src/db.ts": "f778a82f638c2e33c832c8d0e60144d11d0118d40f6ffb397cfa059c2b8e0c36",
    "https://deno.land/x/sqlite@v3.2.1/src/error.ts": "abf9df169951faf8c21a68d99ef9efd257c788c19784f27dd147507fbdfe5fe7",
    "https://deno.land/x/sqlite@v3.2.1/src/query.ts": "df4d3d6b23d52b36243dd47c07ed6ed7cd23f7834a0f6a2f2c6dbffba63d4c28",
    "https://deno.land/x/sqlite@v3.2.1/src/wasm.ts": "e79d0baa6e42423257fb3c7cc98091c54399254867e0f34a09b5bdef37bd9487",
    "https://deno.land/x/sqlite@v3.3.0/build/sqlite.d.ts": "b52e6b5ea2e0517750be2ea1eae8da0edd5056c1f285247aa1c0153f4ef504ec",
    "https://deno.land/x/sqlite@v3.3.0/build/sqlite.js": "0b74712a5db206aa399f9833c40fd08eb24dfaff5dee77749e4bcadb333ec676",
    "https://deno.land/x/sqlite@v3.3.0/build/vfs.js": "baff72655c0916c906327fe6703c6a47daa1346e55c2eaa2629bcd879a673c8d",
    "https://deno.land/x/sqlite@v3.3.0/mod.ts": "eb55ff3e103826ee735fa1a8ec2db6e96c8fec826faf198239c66a0fe635c4b6",
    "https://deno.land/x/sqlite@v3.3.0/src/constants.ts": "b967237b460fafa03ca03aeddb33953bed41c7cbdc309a934e2329a5c84079ac",
    "https://deno.land/x/sqlite@v3.3.0/src/db.ts": "59b9c4fbe733da0e512dcd6b1f1f6a5ac8b165b565505670e9b81a73803dd36a",
    "https://deno.land/x/sqlite@v3.3.0/src/error.ts": "abf9df169951faf8c21a68d99ef9efd257c788c19784f27dd147507fbdfe5fe7",
    "https://deno.land/x/sqlite@v3.3.0/src/query.ts": "df4d3d6b23d52b36243dd47c07ed6ed7cd23f7834a0f6a2f2c6dbffba63d4c28",
    "https://deno.land/x/sqlite@v3.3.0/src/wasm.ts": "e79d0baa6e42423257fb3c7cc98091c54399254867e0f34a09b5bdef37bd9487",
    "https://deno.land/x/websql@1.3.2/deps.ts": "2bda07c0ee0eae5f23b5dde415c983c59fb945256f5a9026402eb9118945c025",
    "https://deno.land/x/websql@1.3.2/mod.ts": "e7a44b9f376761e5592facd30ed27acae47633275a32eed57cd64f16a461222f",
    "https://deno.land/x/websql@1.3.2/src/Database.ts": "ed5f8ae33165d2dd9c3ea1be0b427377628f9437bfe49bfabc32efb3908dc1d5",
    "https://deno.land/x/websql@1.3.2/src/SQLResultSet.ts": "fcd83582439c0032794fa26bbbe9e47790467fa5ef1cba1c8a9fddb334f23bf1",
    "https://deno.land/x/websql@1.3.2/src/SQLResultSetRowList.ts": "d13bda459cc73bc7e4d596a0411f1e4647d1204a8fddfd42a51720a20d4bf562",
    "https://deno.land/x/websql@1.3.2/src/SQLTransaction.ts": "bda17665d54793976957af94a300834e5f07ee546d67e919f14da2a7f77fc797",
    "https://deno.land/x/websql@1.3.2/src/SQLiteDBCache.ts": "0c5a67598e39e54c317b40fff3ffc9945e5a9ed0b0c91b5d8a2b379d59c4f4a4",
    "https://deno.land/x/websql@v1.1.0/deps.ts": "f41d5d5dd7ebe4762b9536e75854fa03d4af9064ea921f4c6c4ca0ffad111a06",
    "https://deno.land/x/websql@v1.1.0/mod.ts": "c0b9f657ac9d148a7e47bb60b8bb9c62cc8f0b42646bb33d023b91deb5a8dd20",
    "https://deno.land/x/websql@v1.1.0/src/Database.ts": "8134b0d4c7409f333f7111e03b42f2b90146c033e0599aa6732ca6221af01e62",
    "https://deno.land/x/websql@v1.1.0/src/SQLResultSet.ts": "fa0729dc94735771f2c1389d4a4e89b370b358b731452067ea4792010e213655",
    "https://deno.land/x/websql@v1.1.0/src/SQLResultSetRowList.ts": "0d78f210e73217b9abcbba6fa6101751993e363975b117d06ddd7c18297241f3",
    "https://deno.land/x/websql@v1.1.0/src/SQLTransaction.ts": "dae5f017242b626041d470578df300fbb58d7bf3f18082d6050b9fef20c54607",
    "https://deno.land/x/websql@v1.1.0/src/SQLiteDBCache.ts": "919add0ea961f8bb50c8158f8674b08c3a14b247eab77a0908bc53ab5abee818"
  }
}
